// !$*UTF8*$!
{
	archiveVersion = 1;
	classes = {
	};
	objectVersion = 48;
	objects = {

/* Begin PBXBuildFile section */
		184E09A42030A83300AC5E70 /* AppDelegate.swift in Sources */ = {isa = PBXBuildFile; fileRef = 184E09A32030A83300AC5E70 /* AppDelegate.swift */; };
		184E09A62030A83300AC5E70 /* ViewController.swift in Sources */ = {isa = PBXBuildFile; fileRef = 184E09A52030A83300AC5E70 /* ViewController.swift */; };
		184E09A92030A83300AC5E70 /* Main.storyboard in Resources */ = {isa = PBXBuildFile; fileRef = 184E09A72030A83300AC5E70 /* Main.storyboard */; };
		184E09AC2030A83300AC5E70 /* _23098.xcdatamodeld in Sources */ = {isa = PBXBuildFile; fileRef = 184E09AA2030A83300AC5E70 /* _23098.xcdatamodeld */; };
		184E09AE2030A83300AC5E70 /* Assets.xcassets in Resources */ = {isa = PBXBuildFile; fileRef = 184E09AD2030A83300AC5E70 /* Assets.xcassets */; };
		184E09B12030A83300AC5E70 /* LaunchScreen.storyboard in Resources */ = {isa = PBXBuildFile; fileRef = 184E09AF2030A83300AC5E70 /* LaunchScreen.storyboard */; };
/* End PBXBuildFile section */

/* Begin PBXFileReference section */
		184E09A02030A83300AC5E70 /* 123098.app */ = {isa = PBXFileReference; explicitFileType = wrapper.application; includeInIndex = 0; path = 123098.app; sourceTree = BUILT_PRODUCTS_DIR; };
		184E09A32030A83300AC5E70 /* AppDelegate.swift */ = {isa = PBXFileReference; lastKnownFileType = sourcecode.swift; path = AppDelegate.swift; sourceTree = "<group>"; };
		184E09A52030A83300AC5E70 /* ViewController.swift */ = {isa = PBXFileReference; lastKnownFileType = sourcecode.swift; path = ViewController.swift; sourceTree = "<group>"; };
		184E09A82030A83300AC5E70 /* Base */ = {isa = PBXFileReference; lastKnownFileType = file.storyboard; name = Base; path = Base.lproj/Main.storyboard; sourceTree = "<group>"; };
		184E09AB2030A83300AC5E70 /* _23098.xcdatamodel */ = {isa = PBXFileReference; lastKnownFileType = wrapper.xcdatamodel; path = _23098.xcdatamodel; sourceTree = "<group>"; };
		184E09AD2030A83300AC5E70 /* Assets.xcassets */ = {isa = PBXFileReference; lastKnownFileType = folder.assetcatalog; path = Assets.xcassets; sourceTree = "<group>"; };
		184E09B02030A83300AC5E70 /* Base */ = {isa = PBXFileReference; lastKnownFileType = file.storyboard; name = Base; path = Base.lproj/LaunchScreen.storyboard; sourceTree = "<group>"; };
		184E09B22030A83300AC5E70 /* Info.plist */ = {isa = PBXFileReference; lastKnownFileType = text.plist.xml; path = Info.plist; sourceTree = "<group>"; };
/* End PBXFileReference section */

/* Begin PBXFrameworksBuildPhase section */
		184E099D2030A83300AC5E70 /* Frameworks */ = {
			isa = PBXFrameworksBuildPhase;
			buildActionMask = 2147483647;
			files = (
			);
			runOnlyForDeploymentPostprocessing = 0;
		};
/* End PBXFrameworksBuildPhase section */

/* Begin PBXGroup section */
		184E09972030A83300AC5E70 = {
			isa = PBXGroup;
			children = (
				184E09A22030A83300AC5E70 /* 123098 */,
				184E09A12030A83300AC5E70 /* Products */,
			);
			sourceTree = "<group>";
		};
		184E09A12030A83300AC5E70 /* Products */ = {
			isa = PBXGroup;
			children = (
				184E09A02030A83300AC5E70 /* 123098.app */,
			);
			name = Products;
			sourceTree = "<group>";
		};
		184E09A22030A83300AC5E70 /* 123098 */ = {
			isa = PBXGroup;
			children = (
				184E09A32030A83300AC5E70 /* AppDelegate.swift */,
				184E09A52030A83300AC5E70 /* ViewController.swift */,
				184E09A72030A83300AC5E70 /* Main.storyboard */,
				184E09AD2030A83300AC5E70 /* Assets.xcassets */,
				184E09AF2030A83300AC5E70 /* LaunchScreen.storyboard */,
				184E09B22030A83300AC5E70 /* Info.plist */,
				184E09AA2030A83300AC5E70 /* _23098.xcdatamodeld */,
			);
			path = 123098;
			sourceTree = "<group>";
		};
/* End PBXGroup section */

/* Begin PBXNativeTarget section */
		184E099F2030A83300AC5E70 /* 123098 */ = {
			isa = PBXNativeTarget;
			buildConfigurationList = 184E09B52030A83300AC5E70 /* Build configuration list for PBXNativeTarget "123098" */;
			buildPhases = (
				184E099C2030A83300AC5E70 /* Sources */,
				184E099D2030A83300AC5E70 /* Frameworks */,
				184E099E2030A83300AC5E70 /* Resources */,
			);
			buildRules = (
			);
			dependencies = (
			);
			name = 123098;
			productName = 123098;
			productReference = 184E09A02030A83300AC5E70 /* 123098.app */;
			productType = "com.apple.product-type.application";
		};
/* End PBXNativeTarget section */

/* Begin PBXProject section */
		184E09982030A83300AC5E70 /* Project object */ = {
			isa = PBXProject;
			attributes = {
				LastSwiftUpdateCheck = 0920;
				LastUpgradeCheck = 0920;
				ORGANIZATIONNAME = Korona;
				TargetAttributes = {
					184E099F2030A83300AC5E70 = {
						CreatedOnToolsVersion = 9.2;
						ProvisioningStyle = Automatic;
					};
				};
			};
			buildConfigurationList = 184E099B2030A83300AC5E70 /* Build configuration list for PBXProject "123098" */;
			compatibilityVersion = "Xcode 8.0";
			developmentRegion = en;
			hasScannedForEncodings = 0;
			knownRegions = (
				en,
				Base,
			);
			mainGroup = 184E09972030A83300AC5E70;
			productRefGroup = 184E09A12030A83300AC5E70 /* Products */;
			projectDirPath = "";
			projectRoot = "";
			targets = (
				184E099F2030A83300AC5E70 /* 123098 */,
			);
		};
/* End PBXProject section */

/* Begin PBXResourcesBuildPhase section */
		184E099E2030A83300AC5E70 /* Resources */ = {
			isa = PBXResourcesBuildPhase;
			buildActionMask = 2147483647;
			files = (
				184E09B12030A83300AC5E70 /* LaunchScreen.storyboard in Resources */,
				184E09AE2030A83300AC5E70 /* Assets.xcassets in Resources */,
				184E09A92030A83300AC5E70 /* Main.storyboard in Resources */,
			);
			runOnlyForDeploymentPostprocessing = 0;
		};
/* End PBXResourcesBuildPhase section */

/* Begin PBXSourcesBuildPhase section */
		184E099C2030A83300AC5E70 /* Sources */ = {
			isa = PBXSourcesBuildPhase;
			buildActionMask = 2147483647;
			files = (
				184E09A62030A83300AC5E70 /* ViewController.swift in Sources */,
				184E09AC2030A83300AC5E70 /* _23098.xcdatamodeld in Sources */,
				184E09A42030A83300AC5E70 /* AppDelegate.swift in Sources */,
			);
			runOnlyForDeploymentPostprocessing = 0;
		};
/* End PBXSourcesBuildPhase section */

/* Begin PBXVariantGroup section */
		184E09A72030A83300AC5E70 /* Main.storyboard */ = {
			isa = PBXVariantGroup;
			children = (
				184E09A82030A83300AC5E70 /* Base */,
			);
			name = Main.storyboard;
			sourceTree = "<group>";
		};
		184E09AF2030A83300AC5E70 /* LaunchScreen.storyboard */ = {
			isa = PBXVariantGroup;
			children = (
				184E09B02030A83300AC5E70 /* Base */,
			);
			name = LaunchScreen.storyboard;
			sourceTree = "<group>";
		};
/* End PBXVariantGroup section */

/* Begin XCBuildConfiguration section */
		184E09B32030A83300AC5E70 /* Debug */ = {
			isa = XCBuildConfiguration;
			buildSettings = {
				ALWAYS_SEARCH_USER_PATHS = NO;
				CLANG_ANALYZER_NONNULL = YES;
				CLANG_ANALYZER_NUMBER_OBJECT_CONVERSION = YES_AGGRESSIVE;
				CLANG_CXX_LANGUAGE_STANDARD = "gnu++14";
				CLANG_CXX_LIBRARY = "libc++";
				CLANG_ENABLE_MODULES = YES;
				CLANG_ENABLE_OBJC_ARC = YES;
				CLANG_WARN_BLOCK_CAPTURE_AUTORELEASING = YES;
				CLANG_WARN_BOOL_CONVERSION = YES;
				CLANG_WARN_COMMA = YES;
				CLANG_WARN_CONSTANT_CONVERSION = YES;
				CLANG_WARN_DIRECT_OBJC_ISA_USAGE = YES_ERROR;
				CLANG_WARN_DOCUMENTATION_COMMENTS = YES;
				CLANG_WARN_EMPTY_BODY = YES;
				CLANG_WARN_ENUM_CONVERSION = YES;
				CLANG_WARN_INFINITE_RECURSION = YES;
				CLANG_WARN_INT_CONVERSION = YES;
				CLANG_WARN_NON_LITERAL_NULL_CONVERSION = YES;
				CLANG_WARN_OBJC_LITERAL_CONVERSION = YES;
				CLANG_WARN_OBJC_ROOT_CLASS = YES_ERROR;
				CLANG_WARN_RANGE_LOOP_ANALYSIS = YES;
				CLANG_WARN_STRICT_PROTOTYPES = YES;
				CLANG_WARN_SUSPICIOUS_MOVE = YES;
				CLANG_WARN_UNGUARDED_AVAILABILITY = YES_AGGRESSIVE;
				CLANG_WARN_UNREACHABLE_CODE = YES;
				CLANG_WARN__DUPLICATE_METHOD_MATCH = YES;
				CODE_SIGN_IDENTITY = "iPhone Developer";
				COPY_PHASE_STRIP = NO;
				DEBUG_INFORMATION_FORMAT = dwarf;
				ENABLE_STRICT_OBJC_MSGSEND = YES;
				ENABLE_TESTABILITY = YES;
				GCC_C_LANGUAGE_STANDARD = gnu11;
				GCC_DYNAMIC_NO_PIC = NO;
				GCC_NO_COMMON_BLOCKS = YES;
				GCC_OPTIMIZATION_LEVEL = 0;
				GCC_PREPROCESSOR_DEFINITIONS = (
					"DEBUG=1",
					"$(inherited)",
				);
				GCC_WARN_64_TO_32_BIT_CONVERSION = YES;
				GCC_WARN_ABOUT_RETURN_TYPE = YES_ERROR;
				GCC_WARN_UNDECLARED_SELECTOR = YES;
				GCC_WARN_UNINITIALIZED_AUTOS = YES_AGGRESSIVE;
				GCC_WARN_UNUSED_FUNCTION = YES;
				GCC_WARN_UNUSED_VARIABLE = YES;
				IPHONEOS_DEPLOYMENT_TARGET = 11.2;
				MTL_ENABLE_DEBUG_INFO = YES;
				ONLY_ACTIVE_ARCH = YES;
				SDKROOT = iphoneos;
				SWIFT_ACTIVE_COMPILATION_CONDITIONS = DEBUG;
				SWIFT_OPTIMIZATION_LEVEL = "-Onone";
			};
			name = Debug;
		};
		184E09B42030A83300AC5E70 /* Release */ = {
			isa = XCBuildConfiguration;
			buildSettings = {
				ALWAYS_SEARCH_USER_PATHS = NO;
				CLANG_ANALYZER_NONNULL = YES;
				CLANG_ANALYZER_NUMBER_OBJECT_CONVERSION = YES_AGGRESSIVE;
				CLANG_CXX_LANGUAGE_STANDARD = "gnu++14";
				CLANG_CXX_LIBRARY = "libc++";
				CLANG_ENABLE_MODULES = YES;
				CLANG_ENABLE_OBJC_ARC = YES;
				CLANG_WARN_BLOCK_CAPTURE_AUTORELEASING = YES;
				CLANG_WARN_BOOL_CONVERSION = YES;
				CLANG_WARN_COMMA = YES;
				CLANG_WARN_CONSTANT_CONVERSION = YES;
				CLANG_WARN_DIRECT_OBJC_ISA_USAGE = YES_ERROR;
				CLANG_WARN_DOCUMENTATION_COMMENTS = YES;
				CLANG_WARN_EMPTY_BODY = YES;
				CLANG_WARN_ENUM_CONVERSION = YES;
				CLANG_WARN_INFINITE_RECURSION = YES;
				CLANG_WARN_INT_CONVERSION = YES;
				CLANG_WARN_NON_LITERAL_NULL_CONVERSION = YES;
				CLANG_WARN_OBJC_LITERAL_CONVERSION = YES;
				CLANG_WARN_OBJC_ROOT_CLASS = YES_ERROR;
				CLANG_WARN_RANGE_LOOP_ANALYSIS = YES;
				CLANG_WARN_STRICT_PROTOTYPES = YES;
				CLANG_WARN_SUSPICIOUS_MOVE = YES;
				CLANG_WARN_UNGUARDED_AVAILABILITY = YES_AGGRESSIVE;
				CLANG_WARN_UNREACHABLE_CODE = YES;
				CLANG_WARN__DUPLICATE_METHOD_MATCH = YES;
				CODE_SIGN_IDENTITY = "iPhone Developer";
				COPY_PHASE_STRIP = NO;
				DEBUG_INFORMATION_FORMAT = "dwarf-with-dsym";
				ENABLE_NS_ASSERTIONS = NO;
				ENABLE_STRICT_OBJC_MSGSEND = YES;
				GCC_C_LANGUAGE_STANDARD = gnu11;
				GCC_NO_COMMON_BLOCKS = YES;
				GCC_WARN_64_TO_32_BIT_CONVERSION = YES;
				GCC_WARN_ABOUT_RETURN_TYPE = YES_ERROR;
				GCC_WARN_UNDECLARED_SELECTOR = YES;
				GCC_WARN_UNINITIALIZED_AUTOS = YES_AGGRESSIVE;
				GCC_WARN_UNUSED_FUNCTION = YES;
				GCC_WARN_UNUSED_VARIABLE = YES;
				IPHONEOS_DEPLOYMENT_TARGET = 11.2;
				MTL_ENABLE_DEBUG_INFO = NO;
				SDKROOT = iphoneos;
				SWIFT_OPTIMIZATION_LEVEL = "-Owholemodule";
				VALIDATE_PRODUCT = YES;
			};
			name = Release;
		};
		184E09B62030A83300AC5E70 /* Debug */ = {
			isa = XCBuildConfiguration;
			buildSettings = {
				ASSETCATALOG_COMPILER_APPICON_NAME = AppIcon;
				CODE_SIGN_STYLE = Automatic;
				INFOPLIST_FILE = 123098/Info.plist;
				LD_RUNPATH_SEARCH_PATHS = "$(inherited) @executable_path/Frameworks";
				PRODUCT_BUNDLE_IDENTIFIER = "-78.-23098";
				PRODUCT_NAME = "$(TARGET_NAME)";
				SWIFT_VERSION = 4.0;
				TARGETED_DEVICE_FAMILY = "1,2";
			};
			name = Debug;
		};
		184E09B72030A83300AC5E70 /* Release */ = {
			isa = XCBuildConfiguration;
			buildSettings = {
				ASSETCATALOG_COMPILER_APPICON_NAME = AppIcon;
				CODE_SIGN_STYLE = Automatic;
				INFOPLIST_FILE = 123098/Info.plist;
				LD_RUNPATH_SEARCH_PATHS = "$(inherited) @executable_path/Frameworks";
				PRODUCT_BUNDLE_IDENTIFIER = "-78.-23098";
				PRODUCT_NAME = "$(TARGET_NAME)";
				SWIFT_VERSION = 4.0;
				TARGETED_DEVICE_FAMILY = "1,2";
			};
			name = Release;
		};
/* End XCBuildConfiguration section */

/* Begin XCConfigurationList section */
		184E099B2030A83300AC5E70 /* Build configuration list for PBXProject "123098" */ = {
			isa = XCConfigurationList;
			buildConfigurations = (
				184E09B32030A83300AC5E70 /* Debug */,
				184E09B42030A83300AC5E70 /* Release */,
			);
			defaultConfigurationIsVisible = 0;
			defaultConfigurationName = Release;
		};
		184E09B52030A83300AC5E70 /* Build configuration list for PBXNativeTarget "123098" */ = {
			isa = XCConfigurationList;
			buildConfigurations = (
				184E09B62030A83300AC5E70 /* Debug */,
				184E09B72030A83300AC5E70 /* Release */,
			);
			defaultConfigurationIsVisible = 0;
			defaultConfigurationName = Release;
		};
/* End XCConfigurationList section */

/* Begin XCVersionGroup section */
		184E09AA2030A83300AC5E70 /* _23098.xcdatamodeld */ = {
			isa = XCVersionGroup;
			children = (
				184E09AB2030A83300AC5E70 /* _23098.xcdatamodel */,
			);
			currentVersion = 184E09AB2030A83300AC5E70 /* _23098.xcdatamodel */;
			path = _23098.xcdatamodeld;
			sourceTree = "<group>";
			versionGroupType = wrapper.xcdatamodel;
		};
/* End XCVersionGroup section */
	};
	rootObject = 184E09982030A83300AC5E70 /* Project object */;
}
